{
  "R": {
    "Version": "4.2.0",
    "Repositories": [
      {
        "Name": "CRAN",
        "URL": "https://cran.rstudio.com"
      }
    ]
  },
  "Packages": {
    "R6": {
      "Package": "R6",
      "Version": "2.5.1",
      "Source": "Repository",
      "Repository": "CRAN",
      "Hash": "470851b6d5d0ac559e9d01bb352b4021",
      "Requirements": []
    },
    "Rcpp": {
      "Package": "Rcpp",
      "Version": "1.0.9",
      "Source": "Repository",
      "Repository": "CRAN",
      "Hash": "e9c08b94391e9f3f97355841229124f2",
      "Requirements": []
    },
    "base64enc": {
      "Package": "base64enc",
      "Version": "0.1-3",
      "Source": "Repository",
      "Repository": "CRAN",
      "Hash": "543776ae6848fde2f48ff3816d0628bc",
      "Requirements": []
    },
    "bslib": {
      "Package": "bslib",
      "Version": "0.4.1",
      "Source": "Repository",
      "Repository": "RSPM",
      "Hash": "89a0cd0c45161e3bd1c1e74a2d65e516",
      "Requirements": [
        "cachem",
        "htmltools",
        "jquerylib",
        "jsonlite",
        "memoise",
        "rlang",
        "sass"
      ]
    },
    "cachem": {
      "Package": "cachem",
      "Version": "1.0.6",
      "Source": "Repository",
      "Repository": "CRAN",
      "Hash": "648c5b3d71e6a37e3043617489a0a0e9",
      "Requirements": [
        "fastmap",
        "rlang"
      ]
    },
    "cli": {
      "Package": "cli",
      "Version": "3.4.1",
      "Source": "Repository",
      "Repository": "RSPM",
      "Hash": "0d297d01734d2bcea40197bd4971a764",
      "Requirements": []
    },
    "commonmark": {
      "Package": "commonmark",
      "Version": "1.8.1",
      "Source": "Repository",
      "Repository": "RSPM",
      "Hash": "b6e3e947d1d7ebf3d2bdcea1bde63fe7",
      "Requirements": []
    },
    "crayon": {
      "Package": "crayon",
      "Version": "1.5.2",
      "Source": "Repository",
      "Repository": "RSPM",
      "Hash": "e8a1e41acf02548751f45c718d55aa6a",
      "Requirements": []
    },
    "digest": {
      "Package": "digest",
      "Version": "0.6.30",
      "Source": "Repository",
      "Repository": "RSPM",
      "Hash": "bf1cd206a5d170d132ef75c7537b9bdb",
      "Requirements": []
    },
    "ellipsis": {
      "Package": "ellipsis",
      "Version": "0.3.2",
      "Source": "Repository",
      "Repository": "CRAN",
      "Hash": "bb0eec2fe32e88d9e2836c2f73ea2077",
      "Requirements": [
        "rlang"
      ]
    },
    "fastmap": {
      "Package": "fastmap",
      "Version": "1.1.0",
      "Source": "Repository",
      "Repository": "CRAN",
      "Hash": "77bd60a6157420d4ffa93b27cf6a58b8",
      "Requirements": []
    },
    "fontawesome": {
      "Package": "fontawesome",
      "Version": "0.4.0",
      "Source": "Repository",
      "Repository": "RSPM",
      "Hash": "c5a628c2570aa86a96cc6ef739d8bfda",
      "Requirements": [
        "htmltools",
        "rlang"
      ]
    },
    "fs": {
      "Package": "fs",
      "Version": "1.5.2",
      "Source": "Repository",
      "Repository": "CRAN",
      "Hash": "7c89603d81793f0d5486d91ab1fc6f1d",
      "Requirements": []
    },
    "glue": {
      "Package": "glue",
      "Version": "1.6.2",
      "Source": "Repository",
      "Repository": "CRAN",
      "Hash": "4f2596dfb05dac67b9dc558e5c6fba2e",
      "Requirements": []
    },
    "htmltools": {
      "Package": "htmltools",
      "Version": "0.5.3",
      "Source": "Repository",
      "Repository": "CRAN",
      "Hash": "6496090a9e00f8354b811d1a2d47b566",
      "Requirements": [
        "base64enc",
        "digest",
        "fastmap",
        "rlang"
      ]
    },
    "httpuv": {
      "Package": "httpuv",
      "Version": "1.6.6",
      "Source": "Repository",
      "Repository": "CRAN",
      "Hash": "fd090e236ae2dc0f0cdf33a9ec83afb6",
      "Requirements": [
        "R6",
        "Rcpp",
        "later",
        "promises"
      ]
    },
    "jquerylib": {
      "Package": "jquerylib",
      "Version": "0.1.4",
      "Source": "Repository",
      "Repository": "CRAN",
      "Hash": "5aab57a3bd297eee1c1d862735972182",
      "Requirements": [
        "htmltools"
      ]
    },
    "jsonlite": {
      "Package": "jsonlite",
      "Version": "1.8.3",
      "Source": "Repository",
      "Repository": "RSPM",
      "Hash": "8b1bd0be62956f2a6b91ce84fac79a45",
      "Requirements": []
    },
    "later": {
      "Package": "later",
      "Version": "1.3.0",
      "Source": "Repository",
      "Repository": "CRAN",
      "Hash": "7e7b457d7766bc47f2a5f21cc2984f8e",
      "Requirements": [
        "Rcpp",
        "rlang"
      ]
    },
    "lifecycle": {
      "Package": "lifecycle",
      "Version": "1.0.3",
      "Source": "Repository",
      "Repository": "RSPM",
      "Hash": "001cecbeac1cff9301bdc3775ee46a86",
      "Requirements": [
        "cli",
        "glue",
        "rlang"
      ]
    },
    "magrittr": {
      "Package": "magrittr",
      "Version": "2.0.3",
      "Source": "Repository",
      "Repository": "CRAN",
      "Hash": "7ce2733a9826b3aeb1775d56fd305472",
      "Requirements": []
    },
    "memoise": {
      "Package": "memoise",
      "Version": "2.0.1",
      "Source": "Repository",
      "Repository": "CRAN",
      "Hash": "e2817ccf4a065c5d9d7f2cfbe7c1d78c",
      "Requirements": [
        "cachem",
        "rlang"
      ]
    },
    "mime": {
      "Package": "mime",
      "Version": "0.12",
      "Source": "Repository",
      "Repository": "CRAN",
      "Hash": "18e9c28c1d3ca1560ce30658b22ce104",
      "Requirements": []
    },
    "promises": {
      "Package": "promises",
      "Version": "1.2.0.1",
      "Source": "Repository",
      "Repository": "CRAN",
      "Hash": "4ab2c43adb4d4699cf3690acd378d75d",
      "Requirements": [
        "R6",
        "Rcpp",
        "later",
        "magrittr",
        "rlang"
      ]
    },
    "rappdirs": {
      "Package": "rappdirs",
      "Version": "0.3.3",
      "Source": "Repository",
      "Repository": "CRAN",
      "Hash": "5e3c5dc0b071b21fa128676560dbe94d",
      "Requirements": []
    },
    "renv": {
      "Package": "renv",
      "Version": "0.15.2",
      "Source": "Repository",
      "Repository": "CRAN",
      "Hash": "206c4ef8b7ad6fb1060d69aa7b9dfe69",
      "Requirements": []
    },
    "rlang": {
      "Package": "rlang",
      "Version": "1.0.6",
      "Source": "Repository",
      "Repository": "RSPM",
      "Hash": "4ed1f8336c8d52c3e750adcdc57228a7",
      "Requirements": []
    },
    "sass": {
      "Package": "sass",
      "Version": "0.4.2",
      "Source": "Repository",
      "Repository": "CRAN",
      "Hash": "1b191143d7d3444d504277843f3a95fe",
      "Requirements": [
        "R6",
        "fs",
        "htmltools",
        "rappdirs",
        "rlang"
      ]
    },
    "shiny": {
      "Package": "shiny",
      "Version": "1.7.3",
      "Source": "Repository",
      "Repository": "RSPM",
      "Hash": "fe12df67fdb3b1142325cc54f100cc06",
      "Requirements": [
        "R6",
        "bslib",
        "cachem",
        "commonmark",
        "crayon",
        "ellipsis",
        "fastmap",
        "fontawesome",
        "glue",
        "htmltools",
        "httpuv",
        "jsonlite",
        "later",
        "lifecycle",
        "mime",
        "promises",
        "rlang",
        "sourcetools",
        "withr",
        "xtable"
      ]
    },
    "sourcetools": {
      "Package": "sourcetools",
      "Version": "0.1.7",
      "Source": "Repository",
      "Repository": "CRAN",
      "Hash": "947e4e02a79effa5d512473e10f41797",
      "Requirements": []
    },
    "withr": {
      "Package": "withr",
      "Version": "2.5.0",
      "Source": "Repository",
      "Repository": "CRAN",
      "Hash": "c0e49a9760983e81e55cdd9be92e7182",
      "Requirements": []
    },
    "xtable": {
      "Package": "xtable",
      "Version": "1.8-4",
      "Source": "Repository",
      "Repository": "CRAN",
      "Hash": "b8acdf8af494d9ec19ccb2481a9b11c2",
      "Requirements": []
    }
  }
}
